
Microsoft Visual Studio Solution File, Format Version 12.00
# Visual Studio Version 16
VisualStudioVersion = 16.0.31112.23
MinimumVisualStudioVersion = 10.0.40219.1
Project("{FAE04EC0-301F-11D3-BF4B-00C04F79EFBC}") = "DIEGO.01.Android", "DIEGO.01\DIEGO.01.Android\DIEGO.01.Android.csproj", "{5FCFAF20-268D-4950-AFD9-7208F8A0ACDC}"
EndProject
Project("{FAE04EC0-301F-11D3-BF4B-00C04F79EFBC}") = "DIEGO.01.iOS", "DIEGO.01\DIEGO.01.iOS\DIEGO.01.iOS.csproj", "{827F6E7A-9C64-4336-ABD7-5A05D1B885A0}"
EndProject
Project("{FAE04EC0-301F-11D3-BF4B-00C04F79EFBC}") = "DIEGO.01", "DIEGO.01\DIEGO.01\DIEGO.01.csproj", "{05C0B804-85A9-4454-911F-0E97A44DC32F}"
EndProject
Global
	GlobalSection(SolutionConfigurationPlatforms) = preSolution
		Debug|Any CPU = Debug|Any CPU
		Debug|iPhone = Debug|iPhone
		Debug|iPhoneSimulator = Debug|iPhoneSimulator
		Release|Any CPU = Release|Any CPU
		Release|iPhone = Release|iPhone
		Release|iPhoneSimulator = Release|iPhoneSimulator
	EndGlobalSection
	GlobalSection(ProjectConfigurationPlatforms) = postSolution
		{5FCFAF20-268D-4950-AFD9-7208F8A0ACDC}.Debug|Any CPU.ActiveCfg = Debug|Any CPU
		{5FCFAF20-268D-4950-AFD9-7208F8A0ACDC}.Debug|Any CPU.Build.0 = Debug|Any CPU
		{5FCFAF20-268D-4950-AFD9-7208F8A0ACDC}.Debug|Any CPU.Deploy.0 = Debug|Any CPU
		{5FCFAF20-268D-4950-AFD9-7208F8A0ACDC}.Debug|iPhone.ActiveCfg = Debug|Any CPU
		{5FCFAF20-268D-4950-AFD9-7208F8A0ACDC}.Debug|iPhone.Build.0 = Debug|Any CPU
		{5FCFAF20-268D-4950-AFD9-7208F8A0ACDC}.Debug|iPhone.Deploy.0 = Debug|Any CPU
		{5FCFAF20-268D-4950-AFD9-7208F8A0ACDC}.Debug|iPhoneSimulator.ActiveCfg = Debug|Any CPU
		{5FCFAF20-268D-4950-AFD9-7208F8A0ACDC}.Debug|iPhoneSimulator.Build.0 = Debug|Any CPU
		{5FCFAF20-268D-4950-AFD9-7208F8A0ACDC}.Debug|iPhoneSimulator.Deploy.0 = Debug|Any CPU
		{5FCFAF20-268D-4950-AFD9-7208F8A0ACDC}.Release|Any CPU.ActiveCfg = Release|Any CPU
		{5FCFAF20-268D-4950-AFD9-7208F8A0ACDC}.Release|Any CPU.Build.0 = Release|Any CPU
		{5FCFAF20-268D-4950-AFD9-7208F8A0ACDC}.Release|Any CPU.Deploy.0 = Release|Any CPU
		{5FCFAF20-268D-4950-AFD9-7208F8A0ACDC}.Release|iPhone.ActiveCfg = Release|Any CPU
		{5FCFAF20-268D-4950-AFD9-7208F8A0ACDC}.Release|iPhone.Build.0 = Release|Any CPU
		{5FCFAF20-268D-4950-AFD9-7208F8A0ACDC}.Release|iPhone.Deploy.0 = Release|Any CPU
		{5FCFAF20-268D-4950-AFD9-7208F8A0ACDC}.Release|iPhoneSimulator.ActiveCfg = Release|Any CPU
		{5FCFAF20-268D-4950-AFD9-7208F8A0ACDC}.Release|iPhoneSimulator.Build.0 = Release|Any CPU
		{5FCFAF20-268D-4950-AFD9-7208F8A0ACDC}.Release|iPhoneSimulator.Deploy.0 = Release|Any CPU
		{827F6E7A-9C64-4336-ABD7-5A05D1B885A0}.Debug|Any CPU.ActiveCfg = Debug|iPhone
		{827F6E7A-9C64-4336-ABD7-5A05D1B885A0}.Debug|Any CPU.Build.0 = Debug|iPhone
		{827F6E7A-9C64-4336-ABD7-5A05D1B885A0}.Debug|Any CPU.Deploy.0 = Debug|iPhone
		{827F6E7A-9C64-4336-ABD7-5A05D1B885A0}.Debug|iPhone.ActiveCfg = Debug|iPhone
		{827F6E7A-9C64-4336-ABD7-5A05D1B885A0}.Debug|iPhone.Build.0 = Debug|iPhone
		{827F6E7A-9C64-4336-ABD7-5A05D1B885A0}.Debug|iPhone.Deploy.0 = Debug|iPhone
		{827F6E7A-9C64-4336-ABD7-5A05D1B885A0}.Debug|iPhoneSimulator.ActiveCfg = Debug|iPhoneSimulator
		{827F6E7A-9C64-4336-ABD7-5A05D1B885A0}.Debug|iPhoneSimulator.Build.0 = Debug|iPhoneSimulator
		{827F6E7A-9C64-4336-ABD7-5A05D1B885A0}.Debug|iPhoneSimulator.Deploy.0 = Debug|iPhoneSimulator
		{827F6E7A-9C64-4336-ABD7-5A05D1B885A0}.Release|Any CPU.ActiveCfg = Release|iPhoneSimulator
		{827F6E7A-9C64-4336-ABD7-5A05D1B885A0}.Release|Any CPU.Build.0 = Release|iPhoneSimulator
		{827F6E7A-9C64-4336-ABD7-5A05D1B885A0}.Release|Any CPU.Deploy.0 = Release|iPhoneSimulator
		{827F6E7A-9C64-4336-ABD7-5A05D1B885A0}.Release|iPhone.ActiveCfg = Release|iPhone
		{827F6E7A-9C64-4336-ABD7-5A05D1B885A0}.Release|iPhone.Build.0 = Release|iPhone
		{827F6E7A-9C64-4336-ABD7-5A05D1B885A0}.Release|iPhone.Deploy.0 = Release|iPhone
		{827F6E7A-9C64-4336-ABD7-5A05D1B885A0}.Release|iPhoneSimulator.ActiveCfg = Release|iPhoneSimulator
		{827F6E7A-9C64-4336-ABD7-5A05D1B885A0}.Release|iPhoneSimulator.Build.0 = Release|iPhoneSimulator
		{827F6E7A-9C64-4336-ABD7-5A05D1B885A0}.Release|iPhoneSimulator.Deploy.0 = Release|iPhoneSimulator
		{05C0B804-85A9-4454-911F-0E97A44DC32F}.Debug|Any CPU.ActiveCfg = Debug|Any CPU
		{05C0B804-85A9-4454-911F-0E97A44DC32F}.Debug|Any CPU.Build.0 = Debug|Any CPU
		{05C0B804-85A9-4454-911F-0E97A44DC32F}.Debug|Any CPU.Deploy.0 = Debug|Any CPU
		{05C0B804-85A9-4454-911F-0E97A44DC32F}.Debug|iPhone.ActiveCfg = Debug|Any CPU
		{05C0B804-85A9-4454-911F-0E97A44DC32F}.Debug|iPhone.Build.0 = Debug|Any CPU
		{05C0B804-85A9-4454-911F-0E97A44DC32F}.Debug|iPhone.Deploy.0 = Debug|Any CPU
		{05C0B804-85A9-4454-911F-0E97A44DC32F}.Debug|iPhoneSimulator.ActiveCfg = Debug|Any CPU
		{05C0B804-85A9-4454-911F-0E97A44DC32F}.Debug|iPhoneSimulator.Build.0 = Debug|Any CPU
		{05C0B804-85A9-4454-911F-0E97A44DC32F}.Debug|iPhoneSimulator.Deploy.0 = Debug|Any CPU
		{05C0B804-85A9-4454-911F-0E97A44DC32F}.Release|Any CPU.ActiveCfg = Release|Any CPU
		{05C0B804-85A9-4454-911F-0E97A44DC32F}.Release|Any CPU.Build.0 = Release|Any CPU
		{05C0B804-85A9-4454-911F-0E97A44DC32F}.Release|Any CPU.Deploy.0 = Release|Any CPU
		{05C0B804-85A9-4454-911F-0E97A44DC32F}.Release|iPhone.ActiveCfg = Release|Any CPU
		{05C0B804-85A9-4454-911F-0E97A44DC32F}.Release|iPhone.Build.0 = Release|Any CPU
		{05C0B804-85A9-4454-911F-0E97A44DC32F}.Release|iPhone.Deploy.0 = Release|Any CPU
		{05C0B804-85A9-4454-911F-0E97A44DC32F}.Release|iPhoneSimulator.ActiveCfg = Release|Any CPU
		{05C0B804-85A9-4454-911F-0E97A44DC32F}.Release|iPhoneSimulator.Build.0 = Release|Any CPU
		{05C0B804-85A9-4454-911F-0E97A44DC32F}.Release|iPhoneSimulator.Deploy.0 = Release|Any CPU
	EndGlobalSection
	GlobalSection(SolutionProperties) = preSolution
		HideSolutionNode = FALSE
	EndGlobalSection
	GlobalSection(ExtensibilityGlobals) = postSolution
		SolutionGuid = {9AC928CF-3957-431C-8D47-B06FCAAB6EDC}
	EndGlobalSection
EndGlobal
